
Microsoft Visual Studio Solution File, Format Version 12.00
# Visual Studio Version 16
VisualStudioVersion = 16.0.31515.178
MinimumVisualStudioVersion = 10.0.40219.1
Project("{FAE04EC0-301F-11D3-BF4B-00C04F79EFBC}") = "StatsForm", "StatsForm\StatsForm.csproj", "{8369D942-A71D-4554-BDAA-7345758AE19F}"
EndProject
Project("{FAE04EC0-301F-11D3-BF4B-00C04F79EFBC}") = "Common", "Common\Common.csproj", "{5CAC373F-74AC-4327-9A7A-D6CB0E48915D}"
EndProject
Global
	GlobalSection(SolutionConfigurationPlatforms) = preSolution
		Debug|Any CPU = Debug|Any CPU
		Release|Any CPU = Release|Any CPU
	EndGlobalSection
	GlobalSection(ProjectConfigurationPlatforms) = postSolution
		{8369D942-A71D-4554-BDAA-7345758AE19F}.Debug|Any CPU.ActiveCfg = Debug|Any CPU
		{8369D942-A71D-4554-BDAA-7345758AE19F}.Debug|Any CPU.Build.0 = Debug|Any CPU
		{8369D942-A71D-4554-BDAA-7345758AE19F}.Release|Any CPU.ActiveCfg = Release|Any CPU
		{8369D942-A71D-4554-BDAA-7345758AE19F}.Release|Any CPU.Build.0 = Release|Any CPU
		{5CAC373F-74AC-4327-9A7A-D6CB0E48915D}.Debug|Any CPU.ActiveCfg = Debug|Any CPU
		{5CAC373F-74AC-4327-9A7A-D6CB0E48915D}.Debug|Any CPU.Build.0 = Debug|Any CPU
		{5CAC373F-74AC-4327-9A7A-D6CB0E48915D}.Release|Any CPU.ActiveCfg = Release|Any CPU
		{5CAC373F-74AC-4327-9A7A-D6CB0E48915D}.Release|Any CPU.Build.0 = Release|Any CPU
	EndGlobalSection
	GlobalSection(SolutionProperties) = preSolution
		HideSolutionNode = FALSE
	EndGlobalSection
	GlobalSection(ExtensibilityGlobals) = postSolution
		SolutionGuid = {6A4FECE9-B904-44E3-BB95-DECD8E18A8A6}
	EndGlobalSection
EndGlobal
